// !$*UTF8*$!
{
	archiveVersion = 1;
	classes = {
	};
	objectVersion = 46;
	objects = {

/* Begin PBXBuildFile section */
		CC63341C1ACCD5D900CA380A /* Foundation.framework in Frameworks */ = {isa = PBXBuildFile; fileRef = CC63341B1ACCD5D900CA380A /* Foundation.framework */; };
		CC63341E1ACCD5D900CA380A /* CoreGraphics.framework in Frameworks */ = {isa = PBXBuildFile; fileRef = CC63341D1ACCD5D900CA380A /* CoreGraphics.framework */; };
		CC6334201ACCD5D900CA380A /* UIKit.framework in Frameworks */ = {isa = PBXBuildFile; fileRef = CC63341F1ACCD5D900CA380A /* UIKit.framework */; };
		CC6334261ACCD5D900CA380A /* InfoPlist.strings in Resources */ = {isa = PBXBuildFile; fileRef = CC6334241ACCD5D900CA380A /* InfoPlist.strings */; };
		CC6334281ACCD5D900CA380A /* main.m in Sources */ = {isa = PBXBuildFile; fileRef = CC6334271ACCD5D900CA380A /* main.m */; };
		CC63342C1ACCD5D900CA380A /* QYAppDelegate.m in Sources */ = {isa = PBXBuildFile; fileRef = CC63342B1ACCD5D900CA380A /* QYAppDelegate.m */; };
		CC63342F1ACCD5D900CA380A /* Main.storyboard in Resources */ = {isa = PBXBuildFile; fileRef = CC63342D1ACCD5D900CA380A /* Main.storyboard */; };
		CC6334321ACCD5D900CA380A /* QYViewController.m in Sources */ = {isa = PBXBuildFile; fileRef = CC6334311ACCD5D900CA380A /* QYViewController.m */; };
		CC6334341ACCD5D900CA380A /* Images.xcassets in Resources */ = {isa = PBXBuildFile; fileRef = CC6334331ACCD5D900CA380A /* Images.xcassets */; };
		CC63343B1ACCD5D900CA380A /* XCTest.framework in Frameworks */ = {isa = PBXBuildFile; fileRef = CC63343A1ACCD5D900CA380A /* XCTest.framework */; };
		CC63343C1ACCD5D900CA380A /* Foundation.framework in Frameworks */ = {isa = PBXBuildFile; fileRef = CC63341B1ACCD5D900CA380A /* Foundation.framework */; };
		CC63343D1ACCD5D900CA380A /* UIKit.framework in Frameworks */ = {isa = PBXBuildFile; fileRef = CC63341F1ACCD5D900CA380A /* UIKit.framework */; };
		CC6334451ACCD5D900CA380A /* InfoPlist.strings in Resources */ = {isa = PBXBuildFile; fileRef = CC6334431ACCD5D900CA380A /* InfoPlist.strings */; };
		CC6334471ACCD5D900CA380A /* CALayerDemoTests.m in Sources */ = {isa = PBXBuildFile; fileRef = CC6334461ACCD5D900CA380A /* CALayerDemoTests.m */; };
		CC6334511ACCDB4100CA380A /* test.png in Resources */ = {isa = PBXBuildFile; fileRef = CC6334501ACCDB4100CA380A /* test.png */; };
		CC6334531ACCE14A00CA380A /* testOpaque.png in Resources */ = {isa = PBXBuildFile; fileRef = CC6334521ACCE14A00CA380A /* testOpaque.png */; };
		CC6334561ACCE32D00CA380A /* QYLayer.m in Sources */ = {isa = PBXBuildFile; fileRef = CC6334551ACCE32D00CA380A /* QYLayer.m */; };
/* End PBXBuildFile section */

/* Begin PBXContainerItemProxy section */
		CC63343E1ACCD5D900CA380A /* PBXContainerItemProxy */ = {
			isa = PBXContainerItemProxy;
			containerPortal = CC6334101ACCD5D900CA380A /* Project object */;
			proxyType = 1;
			remoteGlobalIDString = CC6334171ACCD5D900CA380A;
			remoteInfo = CALayerDemo;
		};
/* End PBXContainerItemProxy section */

/* Begin PBXFileReference section */
		CC6334181ACCD5D900CA380A /* CALayerDemo.app */ = {isa = PBXFileReference; explicitFileType = wrapper.application; includeInIndex = 0; path = CALayerDemo.app; sourceTree = BUILT_PRODUCTS_DIR; };
		CC63341B1ACCD5D900CA380A /* Foundation.framework */ = {isa = PBXFileReference; lastKnownFileType = wrapper.framework; name = Foundation.framework; path = System/Library/Frameworks/Foundation.framework; sourceTree = SDKROOT; };
		CC63341D1ACCD5D900CA380A /* CoreGraphics.framework */ = {isa = PBXFileReference; lastKnownFileType = wrapper.framework; name = CoreGraphics.framework; path = System/Library/Frameworks/CoreGraphics.framework; sourceTree = SDKROOT; };
		CC63341F1ACCD5D900CA380A /* UIKit.framework */ = {isa = PBXFileReference; lastKnownFileType = wrapper.framework; name = UIKit.framework; path = System/Library/Frameworks/UIKit.framework; sourceTree = SDKROOT; };
		CC6334231ACCD5D900CA380A /* CALayerDemo-Info.plist */ = {isa = PBXFileReference; lastKnownFileType = text.plist.xml; path = "CALayerDemo-Info.plist"; sourceTree = "<group>"; };
		CC6334251ACCD5D900CA380A /* en */ = {isa = PBXFileReference; lastKnownFileType = text.plist.strings; name = en; path = en.lproj/InfoPlist.strings; sourceTree = "<group>"; };
		CC6334271ACCD5D900CA380A /* main.m */ = {isa = PBXFileReference; lastKnownFileType = sourcecode.c.objc; path = main.m; sourceTree = "<group>"; };
		CC6334291ACCD5D900CA380A /* CALayerDemo-Prefix.pch */ = {isa = PBXFileReference; lastKnownFileType = sourcecode.c.h; path = "CALayerDemo-Prefix.pch"; sourceTree = "<group>"; };
		CC63342A1ACCD5D900CA380A /* QYAppDelegate.h */ = {isa = PBXFileReference; lastKnownFileType = sourcecode.c.h; path = QYAppDelegate.h; sourceTree = "<group>"; };
		CC63342B1ACCD5D900CA380A /* QYAppDelegate.m */ = {isa = PBXFileReference; lastKnownFileType = sourcecode.c.objc; path = QYAppDelegate.m; sourceTree = "<group>"; };
		CC63342E1ACCD5D900CA380A /* Base */ = {isa = PBXFileReference; lastKnownFileType = file.storyboard; name = Base; path = Base.lproj/Main.storyboard; sourceTree = "<group>"; };
		CC6334301ACCD5D900CA380A /* QYViewController.h */ = {isa = PBXFileReference; lastKnownFileType = sourcecode.c.h; path = QYViewController.h; sourceTree = "<group>"; };
		CC6334311ACCD5D900CA380A /* QYViewController.m */ = {isa = PBXFileReference; lastKnownFileType = sourcecode.c.objc; path = QYViewController.m; sourceTree = "<group>"; };
		CC6334331ACCD5D900CA380A /* Images.xcassets */ = {isa = PBXFileReference; lastKnownFileType = folder.assetcatalog; path = Images.xcassets; sourceTree = "<group>"; };
		CC6334391ACCD5D900CA380A /* CALayerDemoTests.xctest */ = {isa = PBXFileReference; explicitFileType = wrapper.cfbundle; includeInIndex = 0; path = CALayerDemoTests.xctest; sourceTree = BUILT_PRODUCTS_DIR; };
		CC63343A1ACCD5D900CA380A /* XCTest.framework */ = {isa = PBXFileReference; lastKnownFileType = wrapper.framework; name = XCTest.framework; path = Library/Frameworks/XCTest.framework; sourceTree = DEVELOPER_DIR; };
		CC6334421ACCD5D900CA380A /* CALayerDemoTests-Info.plist */ = {isa = PBXFileReference; lastKnownFileType = text.plist.xml; path = "CALayerDemoTests-Info.plist"; sourceTree = "<group>"; };
		CC6334441ACCD5D900CA380A /* en */ = {isa = PBXFileReference; lastKnownFileType = text.plist.strings; name = en; path = en.lproj/InfoPlist.strings; sourceTree = "<group>"; };
		CC6334461ACCD5D900CA380A /* CALayerDemoTests.m */ = {isa = PBXFileReference; lastKnownFileType = sourcecode.c.objc; path = CALayerDemoTests.m; sourceTree = "<group>"; };
		CC6334501ACCDB4100CA380A /* test.png */ = {isa = PBXFileReference; lastKnownFileType = image.png; path = test.png; sourceTree = "<group>"; };
		CC6334521ACCE14A00CA380A /* testOpaque.png */ = {isa = PBXFileReference; lastKnownFileType = image.png; path = testOpaque.png; sourceTree = "<group>"; };
		CC6334541ACCE32D00CA380A /* QYLayer.h */ = {isa = PBXFileReference; fileEncoding = 4; lastKnownFileType = sourcecode.c.h; path = QYLayer.h; sourceTree = "<group>"; };
		CC6334551ACCE32D00CA380A /* QYLayer.m */ = {isa = PBXFileReference; fileEncoding = 4; lastKnownFileType = sourcecode.c.objc; path = QYLayer.m; sourceTree = "<group>"; };
/* End PBXFileReference section */

/* Begin PBXFrameworksBuildPhase section */
		CC6334151ACCD5D900CA380A /* Frameworks */ = {
			isa = PBXFrameworksBuildPhase;
			buildActionMask = 2147483647;
			files = (
				CC63341E1ACCD5D900CA380A /* CoreGraphics.framework in Frameworks */,
				CC6334201ACCD5D900CA380A /* UIKit.framework in Frameworks */,
				CC63341C1ACCD5D900CA380A /* Foundation.framework in Frameworks */,
			);
			runOnlyForDeploymentPostprocessing = 0;
		};
		CC6334361ACCD5D900CA380A /* Frameworks */ = {
			isa = PBXFrameworksBuildPhase;
			buildActionMask = 2147483647;
			files = (
				CC63343B1ACCD5D900CA380A /* XCTest.framework in Frameworks */,
				CC63343D1ACCD5D900CA380A /* UIKit.framework in Frameworks */,
				CC63343C1ACCD5D900CA380A /* Foundation.framework in Frameworks */,
			);
			runOnlyForDeploymentPostprocessing = 0;
		};
/* End PBXFrameworksBuildPhase section */

/* Begin PBXGroup section */
		CC63340F1ACCD5D900CA380A = {
			isa = PBXGroup;
			children = (
				CC6334211ACCD5D900CA380A /* CALayerDemo */,
				CC6334401ACCD5D900CA380A /* CALayerDemoTests */,
				CC63341A1ACCD5D900CA380A /* Frameworks */,
				CC6334191ACCD5D900CA380A /* Products */,
			);
			sourceTree = "<group>";
		};
		CC6334191ACCD5D900CA380A /* Products */ = {
			isa = PBXGroup;
			children = (
				CC6334181ACCD5D900CA380A /* CALayerDemo.app */,
				CC6334391ACCD5D900CA380A /* CALayerDemoTests.xctest */,
			);
			name = Products;
			sourceTree = "<group>";
		};
		CC63341A1ACCD5D900CA380A /* Frameworks */ = {
			isa = PBXGroup;
			children = (
				CC63341B1ACCD5D900CA380A /* Foundation.framework */,
				CC63341D1ACCD5D900CA380A /* CoreGraphics.framework */,
				CC63341F1ACCD5D900CA380A /* UIKit.framework */,
				CC63343A1ACCD5D900CA380A /* XCTest.framework */,
			);
			name = Frameworks;
			sourceTree = "<group>";
		};
		CC6334211ACCD5D900CA380A /* CALayerDemo */ = {
			isa = PBXGroup;
			children = (
				CC63342A1ACCD5D900CA380A /* QYAppDelegate.h */,
				CC63342B1ACCD5D900CA380A /* QYAppDelegate.m */,
				CC63342D1ACCD5D900CA380A /* Main.storyboard */,
				CC6334301ACCD5D900CA380A /* QYViewController.h */,
				CC6334311ACCD5D900CA380A /* QYViewController.m */,
				CC6334541ACCE32D00CA380A /* QYLayer.h */,
				CC6334551ACCE32D00CA380A /* QYLayer.m */,
				CC6334331ACCD5D900CA380A /* Images.xcassets */,
				CC6334221ACCD5D900CA380A /* Supporting Files */,
			);
			path = CALayerDemo;
			sourceTree = "<group>";
		};
		CC6334221ACCD5D900CA380A /* Supporting Files */ = {
			isa = PBXGroup;
			children = (
				CC6334521ACCE14A00CA380A /* testOpaque.png */,
				CC6334501ACCDB4100CA380A /* test.png */,
				CC6334231ACCD5D900CA380A /* CALayerDemo-Info.plist */,
				CC6334241ACCD5D900CA380A /* InfoPlist.strings */,
				CC6334271ACCD5D900CA380A /* main.m */,
				CC6334291ACCD5D900CA380A /* CALayerDemo-Prefix.pch */,
			);
			name = "Supporting Files";
			sourceTree = "<group>";
		};
		CC6334401ACCD5D900CA380A /* CALayerDemoTests */ = {
			isa = PBXGroup;
			children = (
				CC6334461ACCD5D900CA380A /* CALayerDemoTests.m */,
				CC6334411ACCD5D900CA380A /* Supporting Files */,
			);
			path = CALayerDemoTests;
			sourceTree = "<group>";
		};
		CC6334411ACCD5D900CA380A /* Supporting Files */ = {
			isa = PBXGroup;
			children = (
				CC6334421ACCD5D900CA380A /* CALayerDemoTests-Info.plist */,
				CC6334431ACCD5D900CA380A /* InfoPlist.strings */,
			);
			name = "Supporting Files";
			sourceTree = "<group>";
		};
/* End PBXGroup section */

/* Begin PBXNativeTarget section */
		CC6334171ACCD5D900CA380A /* CALayerDemo */ = {
			isa = PBXNativeTarget;
			buildConfigurationList = CC63344A1ACCD5D900CA380A /* Build configuration list for PBXNativeTarget "CALayerDemo" */;
			buildPhases = (
				CC6334141ACCD5D900CA380A /* Sources */,
				CC6334151ACCD5D900CA380A /* Frameworks */,
				CC6334161ACCD5D900CA380A /* Resources */,
			);
			buildRules = (
			);
			dependencies = (
			);
			name = CALayerDemo;
			productName = CALayerDemo;
			productReference = CC6334181ACCD5D900CA380A /* CALayerDemo.app */;
			productType = "com.apple.product-type.application";
		};
		CC6334381ACCD5D900CA380A /* CALayerDemoTests */ = {
			isa = PBXNativeTarget;
			buildConfigurationList = CC63344D1ACCD5D900CA380A /* Build configuration list for PBXNativeTarget "CALayerDemoTests" */;
			buildPhases = (
				CC6334351ACCD5D900CA380A /* Sources */,
				CC6334361ACCD5D900CA380A /* Frameworks */,
				CC6334371ACCD5D900CA380A /* Resources */,
			);
			buildRules = (
			);
			dependencies = (
				CC63343F1ACCD5D900CA380A /* PBXTargetDependency */,
			);
			name = CALayerDemoTests;
			productName = CALayerDemoTests;
			productReference = CC6334391ACCD5D900CA380A /* CALayerDemoTests.xctest */;
			productType = "com.apple.product-type.bundle.unit-test";
		};
/* End PBXNativeTarget section */

/* Begin PBXProject section */
		CC6334101ACCD5D900CA380A /* Project object */ = {
			isa = PBXProject;
			attributes = {
				CLASSPREFIX = QY;
				LastUpgradeCheck = 0510;
				ORGANIZATIONNAME = hnqingyun.com;
				TargetAttributes = {
					CC6334381ACCD5D900CA380A = {
						TestTargetID = CC6334171ACCD5D900CA380A;
					};
				};
			};
			buildConfigurationList = CC6334131ACCD5D900CA380A /* Build configuration list for PBXProject "CALayerDemo" */;
			compatibilityVersion = "Xcode 3.2";
			developmentRegion = English;
			hasScannedForEncodings = 0;
			knownRegions = (
				en,
				Base,
			);
			mainGroup = CC63340F1ACCD5D900CA380A;
			productRefGroup = CC6334191ACCD5D900CA380A /* Products */;
			projectDirPath = "";
			projectRoot = "";
			targets = (
				CC6334171ACCD5D900CA380A /* CALayerDemo */,
				CC6334381ACCD5D900CA380A /* CALayerDemoTests */,
			);
		};
/* End PBXProject section */

/* Begin PBXResourcesBuildPhase section */
		CC6334161ACCD5D900CA380A /* Resources */ = {
			isa = PBXResourcesBuildPhase;
			buildActionMask = 2147483647;
			files = (
				CC6334341ACCD5D900CA380A /* Images.xcassets in Resources */,
				CC6334261ACCD5D900CA380A /* InfoPlist.strings in Resources */,
				CC63342F1ACCD5D900CA380A /* Main.storyboard in Resources */,
				CC6334531ACCE14A00CA380A /* testOpaque.png in Resources */,
				CC6334511ACCDB4100CA380A /* test.png in Resources */,
			);
			runOnlyForDeploymentPostprocessing = 0;
		};
		CC6334371ACCD5D900CA380A /* Resources */ = {
			isa = PBXResourcesBuildPhase;
			buildActionMask = 2147483647;
			files = (
				CC6334451ACCD5D900CA380A /* InfoPlist.strings in Resources */,
			);
			runOnlyForDeploymentPostprocessing = 0;
		};
/* End PBXResourcesBuildPhase section */

/* Begin PBXSourcesBuildPhase section */
		CC6334141ACCD5D900CA380A /* Sources */ = {
			isa = PBXSourcesBuildPhase;
			buildActionMask = 2147483647;
			files = (
				CC63342C1ACCD5D900CA380A /* QYAppDelegate.m in Sources */,
				CC6334281ACCD5D900CA380A /* main.m in Sources */,
				CC6334321ACCD5D900CA380A /* QYViewController.m in Sources */,
				CC6334561ACCE32D00CA380A /* QYLayer.m in Sources */,
			);
			runOnlyForDeploymentPostprocessing = 0;
		};
		CC6334351ACCD5D900CA380A /* Sources */ = {
			isa = PBXSourcesBuildPhase;
			buildActionMask = 2147483647;
			files = (
				CC6334471ACCD5D900CA380A /* CALayerDemoTests.m in Sources */,
			);
			runOnlyForDeploymentPostprocessing = 0;
		};
/* End PBXSourcesBuildPhase section */

/* Begin PBXTargetDependency section */
		CC63343F1ACCD5D900CA380A /* PBXTargetDependency */ = {
			isa = PBXTargetDependency;
			target = CC6334171ACCD5D900CA380A /* CALayerDemo */;
			targetProxy = CC63343E1ACCD5D900CA380A /* PBXContainerItemProxy */;
		};
/* End PBXTargetDependency section */

/* Begin PBXVariantGroup section */
		CC6334241ACCD5D900CA380A /* InfoPlist.strings */ = {
			isa = PBXVariantGroup;
			children = (
				CC6334251ACCD5D900CA380A /* en */,
			);
			name = InfoPlist.strings;
			sourceTree = "<group>";
		};
		CC63342D1ACCD5D900CA380A /* Main.storyboard */ = {
			isa = PBXVariantGroup;
			children = (
				CC63342E1ACCD5D900CA380A /* Base */,
			);
			name = Main.storyboard;
			sourceTree = "<group>";
		};
		CC6334431ACCD5D900CA380A /* InfoPlist.strings */ = {
			isa = PBXVariantGroup;
			children = (
				CC6334441ACCD5D900CA380A /* en */,
			);
			name = InfoPlist.strings;
			sourceTree = "<group>";
		};
/* End PBXVariantGroup section */

/* Begin XCBuildConfiguration section */
		CC6334481ACCD5D900CA380A /* Debug */ = {
			isa = XCBuildConfiguration;
			buildSettings = {
				ALWAYS_SEARCH_USER_PATHS = NO;
				CLANG_CXX_LANGUAGE_STANDARD = "gnu++0x";
				CLANG_CXX_LIBRARY = "libc++";
				CLANG_ENABLE_MODULES = YES;
				CLANG_ENABLE_OBJC_ARC = YES;
				CLANG_WARN_BOOL_CONVERSION = YES;
				CLANG_WARN_CONSTANT_CONVERSION = YES;
				CLANG_WARN_DIRECT_OBJC_ISA_USAGE = YES_ERROR;
				CLANG_WARN_EMPTY_BODY = YES;
				CLANG_WARN_ENUM_CONVERSION = YES;
				CLANG_WARN_INT_CONVERSION = YES;
				CLANG_WARN_OBJC_ROOT_CLASS = YES_ERROR;
				CLANG_WARN__DUPLICATE_METHOD_MATCH = YES;
				"CODE_SIGN_IDENTITY[sdk=iphoneos*]" = "iPhone Developer";
				COPY_PHASE_STRIP = NO;
				GCC_C_LANGUAGE_STANDARD = gnu99;
				GCC_DYNAMIC_NO_PIC = NO;
				GCC_OPTIMIZATION_LEVEL = 0;
				GCC_PREPROCESSOR_DEFINITIONS = (
					"DEBUG=1",
					"$(inherited)",
				);
				GCC_SYMBOLS_PRIVATE_EXTERN = NO;
				GCC_WARN_64_TO_32_BIT_CONVERSION = YES;
				GCC_WARN_ABOUT_RETURN_TYPE = YES_ERROR;
				GCC_WARN_UNDECLARED_SELECTOR = YES;
				GCC_WARN_UNINITIALIZED_AUTOS = YES_AGGRESSIVE;
				GCC_WARN_UNUSED_FUNCTION = YES;
				GCC_WARN_UNUSED_VARIABLE = YES;
				IPHONEOS_DEPLOYMENT_TARGET = 7.1;
				ONLY_ACTIVE_ARCH = YES;
				SDKROOT = iphoneos;
			};
			name = Debug;
		};
		CC6334491ACCD5D900CA380A /* Release */ = {
			isa = XCBuildConfiguration;
			buildSettings = {
				ALWAYS_SEARCH_USER_PATHS = NO;
				CLANG_CXX_LANGUAGE_STANDARD = "gnu++0x";
				CLANG_CXX_LIBRARY = "libc++";
				CLANG_ENABLE_MODULES = YES;
				CLANG_ENABLE_OBJC_ARC = YES;
				CLANG_WARN_BOOL_CONVERSION = YES;
				CLANG_WARN_CONSTANT_CONVERSION = YES;
				CLANG_WARN_DIRECT_OBJC_ISA_USAGE = YES_ERROR;
				CLANG_WARN_EMPTY_BODY = YES;
				CLANG_WARN_ENUM_CONVERSION = YES;
				CLANG_WARN_INT_CONVERSION = YES;
				CLANG_WARN_OBJC_ROOT_CLASS = YES_ERROR;
				CLANG_WARN__DUPLICATE_METHOD_MATCH = YES;
				"CODE_SIGN_IDENTITY[sdk=iphoneos*]" = "iPhone Developer";
				COPY_PHASE_STRIP = YES;
				ENABLE_NS_ASSERTIONS = NO;
				GCC_C_LANGUAGE_STANDARD = gnu99;
				GCC_WARN_64_TO_32_BIT_CONVERSION = YES;
				GCC_WARN_ABOUT_RETURN_TYPE = YES_ERROR;
				GCC_WARN_UNDECLARED_SELECTOR = YES;
				GCC_WARN_UNINITIALIZED_AUTOS = YES_AGGRESSIVE;
				GCC_WARN_UNUSED_FUNCTION = YES;
				GCC_WARN_UNUSED_VARIABLE = YES;
				IPHONEOS_DEPLOYMENT_TARGET = 7.1;
				SDKROOT = iphoneos;
				VALIDATE_PRODUCT = YES;
			};
			name = Release;
		};
		CC63344B1ACCD5D900CA380A /* Debug */ = {
			isa = XCBuildConfiguration;
			buildSettings = {
				ASSETCATALOG_COMPILER_APPICON_NAME = AppIcon;
				ASSETCATALOG_COMPILER_LAUNCHIMAGE_NAME = LaunchImage;
				GCC_PRECOMPILE_PREFIX_HEADER = YES;
				GCC_PREFIX_HEADER = "CALayerDemo/CALayerDemo-Prefix.pch";
				INFOPLIST_FILE = "CALayerDemo/CALayerDemo-Info.plist";
				PRODUCT_NAME = "$(TARGET_NAME)";
				WRAPPER_EXTENSION = app;
			};
			name = Debug;
		};
		CC63344C1ACCD5D900CA380A /* Release */ = {
			isa = XCBuildConfiguration;
			buildSettings = {
				ASSETCATALOG_COMPILER_APPICON_NAME = AppIcon;
				ASSETCATALOG_COMPILER_LAUNCHIMAGE_NAME = LaunchImage;
				GCC_PRECOMPILE_PREFIX_HEADER = YES;
				GCC_PREFIX_HEADER = "CALayerDemo/CALayerDemo-Prefix.pch";
				INFOPLIST_FILE = "CALayerDemo/CALayerDemo-Info.plist";
				PRODUCT_NAME = "$(TARGET_NAME)";
				WRAPPER_EXTENSION = app;
			};
			name = Release;
		};
		CC63344E1ACCD5D900CA380A /* Debug */ = {
			isa = XCBuildConfiguration;
			buildSettings = {
				BUNDLE_LOADER = "$(BUILT_PRODUCTS_DIR)/CALayerDemo.app/CALayerDemo";
				FRAMEWORK_SEARCH_PATHS = (
					"$(SDKROOT)/Developer/Library/Frameworks",
					"$(inherited)",
					"$(DEVELOPER_FRAMEWORKS_DIR)",
				);
				GCC_PRECOMPILE_PREFIX_HEADER = YES;
				GCC_PREFIX_HEADER = "CALayerDemo/CALayerDemo-Prefix.pch";
				GCC_PREPROCESSOR_DEFINITIONS = (
					"DEBUG=1",
					"$(inherited)",
				);
				INFOPLIST_FILE = "CALayerDemoTests/CALayerDemoTests-Info.plist";
				PRODUCT_NAME = "$(TARGET_NAME)";
				TEST_HOST = "$(BUNDLE_LOADER)";
				WRAPPER_EXTENSION = xctest;
			};
			name = Debug;
		};
		CC63344F1ACCD5D900CA380A /* Release */ = {
			isa = XCBuildConfiguration;
			buildSettings = {
				BUNDLE_LOADER = "$(BUILT_PRODUCTS_DIR)/CALayerDemo.app/CALayerDemo";
				FRAMEWORK_SEARCH_PATHS = (
					"$(SDKROOT)/Developer/Library/Frameworks",
					"$(inherited)",
					"$(DEVELOPER_FRAMEWORKS_DIR)",
				);
				GCC_PRECOMPILE_PREFIX_HEADER = YES;
				GCC_PREFIX_HEADER = "CALayerDemo/CALayerDemo-Prefix.pch";
				INFOPLIST_FILE = "CALayerDemoTests/CALayerDemoTests-Info.plist";
				PRODUCT_NAME = "$(TARGET_NAME)";
				TEST_HOST = "$(BUNDLE_LOADER)";
				WRAPPER_EXTENSION = xctest;
			};
			name = Release;
		};
/* End XCBuildConfiguration section */

/* Begin XCConfigurationList section */
		CC6334131ACCD5D900CA380A /* Build configuration list for PBXProject "CALayerDemo" */ = {
			isa = XCConfigurationList;
			buildConfigurations = (
				CC6334481ACCD5D900CA380A /* Debug */,
				CC6334491ACCD5D900CA380A /* Release */,
			);
			defaultConfigurationIsVisible = 0;
			defaultConfigurationName = Release;
		};
		CC63344A1ACCD5D900CA380A /* Build configuration list for PBXNativeTarget "CALayerDemo" */ = {
			isa = XCConfigurationList;
			buildConfigurations = (
				CC63344B1ACCD5D900CA380A /* Debug */,
				CC63344C1ACCD5D900CA380A /* Release */,
			);
			defaultConfigurationIsVisible = 0;
		};
		CC63344D1ACCD5D900CA380A /* Build configuration list for PBXNativeTarget "CALayerDemoTests" */ = {
			isa = XCConfigurationList;
			buildConfigurations = (
				CC63344E1ACCD5D900CA380A /* Debug */,
				CC63344F1ACCD5D900CA380A /* Release */,
			);
			defaultConfigurationIsVisible = 0;
		};
/* End XCConfigurationList section */
	};
	rootObject = CC6334101ACCD5D900CA380A /* Project object */;
}
